
Microsoft Visual Studio Solution File, Format Version 12.00
# Visual Studio 15
VisualStudioVersion = 15.0.28307.1062
MinimumVisualStudioVersion = 10.0.40219.1
Project("{FAE04EC0-301F-11D3-BF4B-00C04F79EFBC}") = "Covid.WorkerService", "Covid.WorkerService\Covid.WorkerService.csproj", "{1D761C7E-9321-4B1A-AB5F-1129725EF80E}"
EndProject
Project("{2150E333-8FDC-42A3-9474-1A3956D46DE8}") = "Test", "Test", "{5A691DED-2893-4391-A3B4-275DCBC20284}"
EndProject
Project("{FAE04EC0-301F-11D3-BF4B-00C04F79EFBC}") = "Covid.Service.UnitTest", "Covid.Service.UnitTest\Covid.Service.UnitTest.csproj", "{7D53FB7B-CD09-401C-9BE1-15B0AE57889E}"
EndProject
Project("{FAE04EC0-301F-11D3-BF4B-00C04F79EFBC}") = "Covid.Api", "Covid.Api\Covid.Api.csproj", "{FA85CD0E-958E-4D44-958E-1E798AC9FD32}"
EndProject
Project("{FAE04EC0-301F-11D3-BF4B-00C04F79EFBC}") = "Covid.Api.UnitTest", "Covid.Api.UnitTest\Covid.Api.UnitTest.csproj", "{87633BD4-3B92-44D2-9508-F6DFC4A7B600}"
EndProject
Global
	GlobalSection(SolutionConfigurationPlatforms) = preSolution
		Debug|Any CPU = Debug|Any CPU
		Release|Any CPU = Release|Any CPU
	EndGlobalSection
	GlobalSection(ProjectConfigurationPlatforms) = postSolution
		{1D761C7E-9321-4B1A-AB5F-1129725EF80E}.Debug|Any CPU.ActiveCfg = Debug|Any CPU
		{1D761C7E-9321-4B1A-AB5F-1129725EF80E}.Debug|Any CPU.Build.0 = Debug|Any CPU
		{1D761C7E-9321-4B1A-AB5F-1129725EF80E}.Release|Any CPU.ActiveCfg = Release|Any CPU
		{1D761C7E-9321-4B1A-AB5F-1129725EF80E}.Release|Any CPU.Build.0 = Release|Any CPU
		{7D53FB7B-CD09-401C-9BE1-15B0AE57889E}.Debug|Any CPU.ActiveCfg = Debug|Any CPU
		{7D53FB7B-CD09-401C-9BE1-15B0AE57889E}.Debug|Any CPU.Build.0 = Debug|Any CPU
		{7D53FB7B-CD09-401C-9BE1-15B0AE57889E}.Release|Any CPU.ActiveCfg = Release|Any CPU
		{7D53FB7B-CD09-401C-9BE1-15B0AE57889E}.Release|Any CPU.Build.0 = Release|Any CPU
		{FA85CD0E-958E-4D44-958E-1E798AC9FD32}.Debug|Any CPU.ActiveCfg = Debug|Any CPU
		{FA85CD0E-958E-4D44-958E-1E798AC9FD32}.Debug|Any CPU.Build.0 = Debug|Any CPU
		{FA85CD0E-958E-4D44-958E-1E798AC9FD32}.Release|Any CPU.ActiveCfg = Release|Any CPU
		{FA85CD0E-958E-4D44-958E-1E798AC9FD32}.Release|Any CPU.Build.0 = Release|Any CPU
		{87633BD4-3B92-44D2-9508-F6DFC4A7B600}.Debug|Any CPU.ActiveCfg = Debug|Any CPU
		{87633BD4-3B92-44D2-9508-F6DFC4A7B600}.Debug|Any CPU.Build.0 = Debug|Any CPU
		{87633BD4-3B92-44D2-9508-F6DFC4A7B600}.Release|Any CPU.ActiveCfg = Release|Any CPU
		{87633BD4-3B92-44D2-9508-F6DFC4A7B600}.Release|Any CPU.Build.0 = Release|Any CPU
	EndGlobalSection
	GlobalSection(SolutionProperties) = preSolution
		HideSolutionNode = FALSE
	EndGlobalSection
	GlobalSection(NestedProjects) = preSolution
		{7D53FB7B-CD09-401C-9BE1-15B0AE57889E} = {5A691DED-2893-4391-A3B4-275DCBC20284}
		{87633BD4-3B92-44D2-9508-F6DFC4A7B600} = {5A691DED-2893-4391-A3B4-275DCBC20284}
	EndGlobalSection
	GlobalSection(ExtensibilityGlobals) = postSolution
		SolutionGuid = {B796625C-5045-43D9-8959-D9EC0FBBB6BA}
	EndGlobalSection
EndGlobal
